<?xml version="1.0" encoding="utf-8"?>
<Project ToolsVersion="4.0" xmlns="http://schemas.microsoft.com/developer/msbuild/2003">
  <ItemGroup>
    <Filter Include="Resource Files">
      <UniqueIdentifier>{67DA6AB6-F800-4c08-8B7A-83BB121AAD01}</UniqueIdentifier>
      <Extensions>rc;ico;cur;bmp;dlg;rc2;rct;bin;rgs;gif;jpg;jpeg;jpe;resx;tiff;tif;png;wav;mfcribbon-ms</Extensions>
    </Filter>
    <Filter Include="EncryptedMatrix">
      <UniqueIdentifier>{7d85dcea-61a4-4ae5-b366-2d8c28558887}</UniqueIdentifier>
    </Filter>
    <Filter Include="IntParse">
      <UniqueIdentifier>{5a27ed1b-28c4-41e4-915b-6c69cbf64b49}</UniqueIdentifier>
    </Filter>
  </ItemGroup>
  <ItemGroup>
    <ClCompile Include="Main.cpp" />
    <ClCompile Include="..\Netvirta_Challenge_Project_Sihao\EncryptedMatrix.cpp">
      <Filter>EncryptedMatrix</Filter>
    </ClCompile>
    <ClCompile Include="..\Netvirta_Challenge_Project_Sihao\IntParse.cpp">
      <Filter>IntParse</Filter>
    </ClCompile>
  </ItemGroup>
  <ItemGroup>
    <ClInclude Include="..\Netvirta_Challenge_Project_Sihao\EncryptedMatrix.h">
      <Filter>EncryptedMatrix</Filter>
    </ClInclude>
    <ClInclude Include="..\Netvirta_Challenge_Project_Sihao\IntParse.h">
      <Filter>IntParse</Filter>
    </ClInclude>
  </ItemGroup>
</Project>