<?xml version="1.0" encoding="utf-8"?>
<Project ToolsVersion="4.0" xmlns="http://schemas.microsoft.com/developer/msbuild/2003">
  <ItemGroup>
    <Filter Include="Resource Files">
      <UniqueIdentifier>{67DA6AB6-F800-4c08-8B7A-83BB121AAD01}</UniqueIdentifier>
      <Extensions>rc;ico;cur;bmp;dlg;rc2;rct;bin;rgs;gif;jpg;jpeg;jpe;resx;tiff;tif;png;wav;mfcribbon-ms</Extensions>
    </Filter>
    <Filter Include="Matrix">
      <UniqueIdentifier>{0e00f7dc-c2a6-4338-8a56-43c62f32aece}</UniqueIdentifier>
    </Filter>
    <Filter Include="StringUtils">
      <UniqueIdentifier>{c751579f-3f2d-4dac-b006-518deaf5081a}</UniqueIdentifier>
    </Filter>
  </ItemGroup>
  <ItemGroup>
    <ClCompile Include="Main.cpp" />
    <ClCompile Include="StringUtils.cpp">
      <Filter>StringUtils</Filter>
    </ClCompile>
    <ClCompile Include="EncryptedMatrix.cpp">
      <Filter>Matrix</Filter>
    </ClCompile>
  </ItemGroup>
  <ItemGroup>
    <ClInclude Include="StringUtils.h">
      <Filter>StringUtils</Filter>
    </ClInclude>
    <ClInclude Include="EncryptedMatrix.h">
      <Filter>Matrix</Filter>
    </ClInclude>
  </ItemGroup>
</Project>