<?xml version="1.0" encoding="utf-8"?>
<Project ToolsVersion="4.0" xmlns="http://schemas.microsoft.com/developer/msbuild/2003">
  <ItemGroup>
    <Filter Include="Source">
      <UniqueIdentifier>{74799479-93ef-4761-a3e3-de4675c22a1f}</UniqueIdentifier>
    </Filter>
    <Filter Include="Header">
      <UniqueIdentifier>{cfb27f60-9af2-48e1-a9aa-38f98bf715f2}</UniqueIdentifier>
    </Filter>
  </ItemGroup>
  <ItemGroup>
    <ClCompile Include="Source\EncryptedMatrix.cpp">
      <Filter>Source</Filter>
    </ClCompile>
    <ClCompile Include="Source\Main.cpp">
      <Filter>Source</Filter>
    </ClCompile>
    <ClCompile Include="Source\MatrixUtils.cpp">
      <Filter>Source</Filter>
    </ClCompile>
    <ClCompile Include="Source\StringUtils.cpp">
      <Filter>Source</Filter>
    </ClCompile>
  </ItemGroup>
  <ItemGroup>
    <ClInclude Include="Header\EncryptedMatrix.h">
      <Filter>Header</Filter>
    </ClInclude>
    <ClInclude Include="Header\MatrixUtils.h">
      <Filter>Header</Filter>
    </ClInclude>
    <ClInclude Include="Header\StringUtils.h">
      <Filter>Header</Filter>
    </ClInclude>
  </ItemGroup>
</Project>